
Microsoft Visual Studio Solution File, Format Version 12.00
# Visual Studio 15
VisualStudioVersion = 15.0.26730.16
MinimumVisualStudioVersion = 10.0.40219.1
Project("{FAE04EC0-301F-11D3-BF4B-00C04F79EFBC}") = "Creacion de objetos", "Creacion de objetos\Creacion de objetos.csproj", "{EC70F6C5-88F7-4B5E-AF9D-BBF4EDF9DBEA}"
EndProject
Global
	GlobalSection(SolutionConfigurationPlatforms) = preSolution
		Debug|Any CPU = Debug|Any CPU
		Release|Any CPU = Release|Any CPU
	EndGlobalSection
	GlobalSection(ProjectConfigurationPlatforms) = postSolution
		{EC70F6C5-88F7-4B5E-AF9D-BBF4EDF9DBEA}.Debug|Any CPU.ActiveCfg = Debug|Any CPU
		{EC70F6C5-88F7-4B5E-AF9D-BBF4EDF9DBEA}.Debug|Any CPU.Build.0 = Debug|Any CPU
		{EC70F6C5-88F7-4B5E-AF9D-BBF4EDF9DBEA}.Release|Any CPU.ActiveCfg = Release|Any CPU
		{EC70F6C5-88F7-4B5E-AF9D-BBF4EDF9DBEA}.Release|Any CPU.Build.0 = Release|Any CPU
	EndGlobalSection
	GlobalSection(SolutionProperties) = preSolution
		HideSolutionNode = FALSE
	EndGlobalSection
	GlobalSection(ExtensibilityGlobals) = postSolution
		SolutionGuid = {D007AEAE-C31E-4CF8-9555-97B426DFE17A}
	EndGlobalSection
EndGlobal
